{
  "requires": true,
  "lockfileVersion": 1,
  "dependencies": {
    "angular-material": {
      "version": "1.2.4",
      "resolved": "https://registry.npmjs.org/angular-material/-/angular-material-1.2.4.tgz",
      "integrity": "sha512-8+gf2uYn6GVIxP+gTE8cUdXYhKdPzKHcvYn5lAz5/aY1L7/90mgaN9mGuj9taSdj7IJnkJDfdBOHCLsqSdBgig=="
    }
  }
}
